github.com/fsnotify/fsnotify v1.5.1 h1:LL1uFoBaw+8vNVmB+Y5ekSD3HBoH9nDZPC/HTNcbb94=
github.com/fsnotify/fsnotify v1.5.1/go.mod h1:dxlhZYY+GhNi7BDuT3N3R81wknQMB23PldM+6pO8uB8=
github.com/gorilla/mux v1.8.0 h1:LJFGsGQl8p5/9+WhlFuS28PY4pql44kQgNlkaTOSE30=
github.com/gorilla/mux v1.8.0/go.mod h1:gK7K9+RMm1qW5JUr8PRKfMOHtSmhsM33kT+DrAEc4p4=
github.com/joho/godotenv v1.5.1 h1:jQqANhFwzMoR1yfGOCotcPQK+bbdyatDlvtsXwHlVRU=
github.com/joho/godotenv v1.5.1/go.mod h1:ePbqyk9RGzFKrLaGwv5QbJP8oRO66whlWQICLmrwLeY=
go.mongodb.org/mongo-driver v1.11.2 h1:c/yEExBiOX71Mg+trUrxWjqbpxtCZd3trJ/tzk9jBAg=
go.mongodb.org/mongo-driver v1.11.2/go.mod h1:11+KBYKJcpmPNEKfbdJ9oyubCuzlfyH0A+FXAFeoqZ0=
